// !$*UTF8*$!
{
	archiveVersion = 1;
	classes = {
	};
	objectVersion = 46;
	objects = {

/* Begin PBXBuildFile section */
		56E54D1E1E0C179700E39B9F /* main.m in Sources */ = {isa = PBXBuildFile; fileRef = 56E54D1D1E0C179700E39B9F /* main.m */; };
		56E54D211E0C179700E39B9F /* AppDelegate.m in Sources */ = {isa = PBXBuildFile; fileRef = 56E54D201E0C179700E39B9F /* AppDelegate.m */; };
		56E54D241E0C179700E39B9F /* ViewController.m in Sources */ = {isa = PBXBuildFile; fileRef = 56E54D231E0C179700E39B9F /* ViewController.m */; };
		56E54D271E0C179700E39B9F /* Main.storyboard in Resources */ = {isa = PBXBuildFile; fileRef = 56E54D251E0C179700E39B9F /* Main.storyboard */; };
		56E54D291E0C179700E39B9F /* Assets.xcassets in Resources */ = {isa = PBXBuildFile; fileRef = 56E54D281E0C179700E39B9F /* Assets.xcassets */; };
		56E54D2C1E0C179700E39B9F /* LaunchScreen.storyboard in Resources */ = {isa = PBXBuildFile; fileRef = 56E54D2A1E0C179700E39B9F /* LaunchScreen.storyboard */; };
/* End PBXBuildFile section */

/* Begin PBXFileReference section */
		56E54D191E0C179700E39B9F /* ViperSampleProject.app */ = {isa = PBXFileReference; explicitFileType = wrapper.application; includeInIndex = 0; path = ViperSampleProject.app; sourceTree = BUILT_PRODUCTS_DIR; };
		56E54D1D1E0C179700E39B9F /* main.m */ = {isa = PBXFileReference; lastKnownFileType = sourcecode.c.objc; path = main.m; sourceTree = "<group>"; };
		56E54D1F1E0C179700E39B9F /* AppDelegate.h */ = {isa = PBXFileReference; lastKnownFileType = sourcecode.c.h; path = AppDelegate.h; sourceTree = "<group>"; };
		56E54D201E0C179700E39B9F /* AppDelegate.m */ = {isa = PBXFileReference; lastKnownFileType = sourcecode.c.objc; path = AppDelegate.m; sourceTree = "<group>"; };
		56E54D221E0C179700E39B9F /* ViewController.h */ = {isa = PBXFileReference; lastKnownFileType = sourcecode.c.h; path = ViewController.h; sourceTree = "<group>"; };
		56E54D231E0C179700E39B9F /* ViewController.m */ = {isa = PBXFileReference; lastKnownFileType = sourcecode.c.objc; path = ViewController.m; sourceTree = "<group>"; };
		56E54D261E0C179700E39B9F /* Base */ = {isa = PBXFileReference; lastKnownFileType = file.storyboard; name = Base; path = Base.lproj/Main.storyboard; sourceTree = "<group>"; };
		56E54D281E0C179700E39B9F /* Assets.xcassets */ = {isa = PBXFileReference; lastKnownFileType = folder.assetcatalog; path = Assets.xcassets; sourceTree = "<group>"; };
		56E54D2B1E0C179700E39B9F /* Base */ = {isa = PBXFileReference; lastKnownFileType = file.storyboard; name = Base; path = Base.lproj/LaunchScreen.storyboard; sourceTree = "<group>"; };
		56E54D2D1E0C179700E39B9F /* Info.plist */ = {isa = PBXFileReference; lastKnownFileType = text.plist.xml; path = Info.plist; sourceTree = "<group>"; };
/* End PBXFileReference section */

/* Begin PBXFrameworksBuildPhase section */
		56E54D161E0C179700E39B9F /* Frameworks */ = {
			isa = PBXFrameworksBuildPhase;
			buildActionMask = 2147483647;
			files = (
			);
			runOnlyForDeploymentPostprocessing = 0;
		};
/* End PBXFrameworksBuildPhase section */

/* Begin PBXGroup section */
		56E54D101E0C179700E39B9F = {
			isa = PBXGroup;
			children = (
				56E54D1B1E0C179700E39B9F /* ViperSampleProject */,
				56E54D1A1E0C179700E39B9F /* Products */,
			);
			sourceTree = "<group>";
		};
		56E54D1A1E0C179700E39B9F /* Products */ = {
			isa = PBXGroup;
			children = (
				56E54D191E0C179700E39B9F /* ViperSampleProject.app */,
			);
			name = Products;
			sourceTree = "<group>";
		};
		56E54D1B1E0C179700E39B9F /* ViperSampleProject */ = {
			isa = PBXGroup;
			children = (
				56E54D1F1E0C179700E39B9F /* AppDelegate.h */,
				56E54D201E0C179700E39B9F /* AppDelegate.m */,
				56E54D221E0C179700E39B9F /* ViewController.h */,
				56E54D231E0C179700E39B9F /* ViewController.m */,
				56E54D251E0C179700E39B9F /* Main.storyboard */,
				56E54D281E0C179700E39B9F /* Assets.xcassets */,
				56E54D2A1E0C179700E39B9F /* LaunchScreen.storyboard */,
				56E54D2D1E0C179700E39B9F /* Info.plist */,
				56E54D1C1E0C179700E39B9F /* Supporting Files */,
			);
			path = ViperSampleProject;
			sourceTree = "<group>";
		};
		56E54D1C1E0C179700E39B9F /* Supporting Files */ = {
			isa = PBXGroup;
			children = (
				56E54D1D1E0C179700E39B9F /* main.m */,
			);
			name = "Supporting Files";
			sourceTree = "<group>";
		};
/* End PBXGroup section */

/* Begin PBXNativeTarget section */
		56E54D181E0C179700E39B9F /* ViperSampleProject */ = {
			isa = PBXNativeTarget;
			buildConfigurationList = 56E54D301E0C179700E39B9F /* Build configuration list for PBXNativeTarget "ViperSampleProject" */;
			buildPhases = (
				56E54D151E0C179700E39B9F /* Sources */,
				56E54D161E0C179700E39B9F /* Frameworks */,
				56E54D171E0C179700E39B9F /* Resources */,
			);
			buildRules = (
			);
			dependencies = (
			);
			name = ViperSampleProject;
			productName = ViperSampleProject;
			productReference = 56E54D191E0C179700E39B9F /* ViperSampleProject.app */;
			productType = "com.apple.product-type.application";
		};
/* End PBXNativeTarget section */

/* Begin PBXProject section */
		56E54D111E0C179700E39B9F /* Project object */ = {
			isa = PBXProject;
			attributes = {
				LastUpgradeCheck = 0820;
				ORGANIZATIONNAME = "Nikolay Chaban";
				TargetAttributes = {
					56E54D181E0C179700E39B9F = {
						CreatedOnToolsVersion = 8.2.1;
						ProvisioningStyle = Automatic;
					};
				};
			};
			buildConfigurationList = 56E54D141E0C179700E39B9F /* Build configuration list for PBXProject "ViperSampleProject" */;
			compatibilityVersion = "Xcode 3.2";
			developmentRegion = English;
			hasScannedForEncodings = 0;
			knownRegions = (
				en,
				Base,
			);
			mainGroup = 56E54D101E0C179700E39B9F;
			productRefGroup = 56E54D1A1E0C179700E39B9F /* Products */;
			projectDirPath = "";
			projectRoot = "";
			targets = (
				56E54D181E0C179700E39B9F /* ViperSampleProject */,
			);
		};
/* End PBXProject section */

/* Begin PBXResourcesBuildPhase section */
		56E54D171E0C179700E39B9F /* Resources */ = {
			isa = PBXResourcesBuildPhase;
			buildActionMask = 2147483647;
			files = (
				56E54D2C1E0C179700E39B9F /* LaunchScreen.storyboard in Resources */,
				56E54D291E0C179700E39B9F /* Assets.xcassets in Resources */,
				56E54D271E0C179700E39B9F /* Main.storyboard in Resources */,
			);
			runOnlyForDeploymentPostprocessing = 0;
		};
/* End PBXResourcesBuildPhase section */

/* Begin PBXSourcesBuildPhase section */
		56E54D151E0C179700E39B9F /* Sources */ = {
			isa = PBXSourcesBuildPhase;
			buildActionMask = 2147483647;
			files = (
				56E54D241E0C179700E39B9F /* ViewController.m in Sources */,
				56E54D211E0C179700E39B9F /* AppDelegate.m in Sources */,
				56E54D1E1E0C179700E39B9F /* main.m in Sources */,
			);
			runOnlyForDeploymentPostprocessing = 0;
		};
/* End PBXSourcesBuildPhase section */

/* Begin PBXVariantGroup section */
		56E54D251E0C179700E39B9F /* Main.storyboard */ = {
			isa = PBXVariantGroup;
			children = (
				56E54D261E0C179700E39B9F /* Base */,
			);
			name = Main.storyboard;
			sourceTree = "<group>";
		};
		56E54D2A1E0C179700E39B9F /* LaunchScreen.storyboard */ = {
			isa = PBXVariantGroup;
			children = (
				56E54D2B1E0C179700E39B9F /* Base */,
			);
			name = LaunchScreen.storyboard;
			sourceTree = "<group>";
		};
/* End PBXVariantGroup section */

/* Begin XCBuildConfiguration section */
		56E54D2E1E0C179700E39B9F /* Debug */ = {
			isa = XCBuildConfiguration;
			buildSettings = {
				ALWAYS_SEARCH_USER_PATHS = NO;
				CLANG_ANALYZER_NONNULL = YES;
				CLANG_CXX_LANGUAGE_STANDARD = "gnu++0x";
				CLANG_CXX_LIBRARY = "libc++";
				CLANG_ENABLE_MODULES = YES;
				CLANG_ENABLE_OBJC_ARC = YES;
				CLANG_WARN_BOOL_CONVERSION = YES;
				CLANG_WARN_CONSTANT_CONVERSION = YES;
				CLANG_WARN_DIRECT_OBJC_ISA_USAGE = YES_ERROR;
				CLANG_WARN_DOCUMENTATION_COMMENTS = YES;
				CLANG_WARN_EMPTY_BODY = YES;
				CLANG_WARN_ENUM_CONVERSION = YES;
				CLANG_WARN_INFINITE_RECURSION = YES;
				CLANG_WARN_INT_CONVERSION = YES;
				CLANG_WARN_OBJC_ROOT_CLASS = YES_ERROR;
				CLANG_WARN_SUSPICIOUS_MOVE = YES;
				CLANG_WARN_UNREACHABLE_CODE = YES;
				CLANG_WARN__DUPLICATE_METHOD_MATCH = YES;
				"CODE_SIGN_IDENTITY[sdk=iphoneos*]" = "iPhone Developer";
				COPY_PHASE_STRIP = NO;
				DEBUG_INFORMATION_FORMAT = dwarf;
				ENABLE_STRICT_OBJC_MSGSEND = YES;
				ENABLE_TESTABILITY = YES;
				GCC_C_LANGUAGE_STANDARD = gnu99;
				GCC_DYNAMIC_NO_PIC = NO;
				GCC_NO_COMMON_BLOCKS = YES;
				GCC_OPTIMIZATION_LEVEL = 0;
				GCC_PREPROCESSOR_DEFINITIONS = (
					"DEBUG=1",
					"$(inherited)",
				);
				GCC_WARN_64_TO_32_BIT_CONVERSION = YES;
				GCC_WARN_ABOUT_RETURN_TYPE = YES_ERROR;
				GCC_WARN_UNDECLARED_SELECTOR = YES;
				GCC_WARN_UNINITIALIZED_AUTOS = YES_AGGRESSIVE;
				GCC_WARN_UNUSED_FUNCTION = YES;
				GCC_WARN_UNUSED_VARIABLE = YES;
				IPHONEOS_DEPLOYMENT_TARGET = 10.2;
				MTL_ENABLE_DEBUG_INFO = YES;
				ONLY_ACTIVE_ARCH = YES;
				SDKROOT = iphoneos;
				TARGETED_DEVICE_FAMILY = 2;
			};
			name = Debug;
		};
		56E54D2F1E0C179700E39B9F /* Release */ = {
			isa = XCBuildConfiguration;
			buildSettings = {
				ALWAYS_SEARCH_USER_PATHS = NO;
				CLANG_ANALYZER_NONNULL = YES;
				CLANG_CXX_LANGUAGE_STANDARD = "gnu++0x";
				CLANG_CXX_LIBRARY = "libc++";
				CLANG_ENABLE_MODULES = YES;
				CLANG_ENABLE_OBJC_ARC = YES;
				CLANG_WARN_BOOL_CONVERSION = YES;
				CLANG_WARN_CONSTANT_CONVERSION = YES;
				CLANG_WARN_DIRECT_OBJC_ISA_USAGE = YES_ERROR;
				CLANG_WARN_DOCUMENTATION_COMMENTS = YES;
				CLANG_WARN_EMPTY_BODY = YES;
				CLANG_WARN_ENUM_CONVERSION = YES;
				CLANG_WARN_INFINITE_RECURSION = YES;
				CLANG_WARN_INT_CONVERSION = YES;
				CLANG_WARN_OBJC_ROOT_CLASS = YES_ERROR;
				CLANG_WARN_SUSPICIOUS_MOVE = YES;
				CLANG_WARN_UNREACHABLE_CODE = YES;
				CLANG_WARN__DUPLICATE_METHOD_MATCH = YES;
				"CODE_SIGN_IDENTITY[sdk=iphoneos*]" = "iPhone Developer";
				COPY_PHASE_STRIP = NO;
				DEBUG_INFORMATION_FORMAT = "dwarf-with-dsym";
				ENABLE_NS_ASSERTIONS = NO;
				ENABLE_STRICT_OBJC_MSGSEND = YES;
				GCC_C_LANGUAGE_STANDARD = gnu99;
				GCC_NO_COMMON_BLOCKS = YES;
				GCC_WARN_64_TO_32_BIT_CONVERSION = YES;
				GCC_WARN_ABOUT_RETURN_TYPE = YES_ERROR;
				GCC_WARN_UNDECLARED_SELECTOR = YES;
				GCC_WARN_UNINITIALIZED_AUTOS = YES_AGGRESSIVE;
				GCC_WARN_UNUSED_FUNCTION = YES;
				GCC_WARN_UNUSED_VARIABLE = YES;
				IPHONEOS_DEPLOYMENT_TARGET = 10.2;
				MTL_ENABLE_DEBUG_INFO = NO;
				SDKROOT = iphoneos;
				TARGETED_DEVICE_FAMILY = 2;
				VALIDATE_PRODUCT = YES;
			};
			name = Release;
		};
		56E54D311E0C179700E39B9F /* Debug */ = {
			isa = XCBuildConfiguration;
			buildSettings = {
				ASSETCATALOG_COMPILER_APPICON_NAME = AppIcon;
				INFOPLIST_FILE = ViperSampleProject/Info.plist;
				LD_RUNPATH_SEARCH_PATHS = "$(inherited) @executable_path/Frameworks";
				PRODUCT_BUNDLE_IDENTIFIER = com.onsight.ViperSampleProject;
				PRODUCT_NAME = "$(TARGET_NAME)";
			};
			name = Debug;
		};
		56E54D321E0C179700E39B9F /* Release */ = {
			isa = XCBuildConfiguration;
			buildSettings = {
				ASSETCATALOG_COMPILER_APPICON_NAME = AppIcon;
				INFOPLIST_FILE = ViperSampleProject/Info.plist;
				LD_RUNPATH_SEARCH_PATHS = "$(inherited) @executable_path/Frameworks";
				PRODUCT_BUNDLE_IDENTIFIER = com.onsight.ViperSampleProject;
				PRODUCT_NAME = "$(TARGET_NAME)";
			};
			name = Release;
		};
/* End XCBuildConfiguration section */

/* Begin XCConfigurationList section */
		56E54D141E0C179700E39B9F /* Build configuration list for PBXProject "ViperSampleProject" */ = {
			isa = XCConfigurationList;
			buildConfigurations = (
				56E54D2E1E0C179700E39B9F /* Debug */,
				56E54D2F1E0C179700E39B9F /* Release */,
			);
			defaultConfigurationIsVisible = 0;
			defaultConfigurationName = Release;
		};
		56E54D301E0C179700E39B9F /* Build configuration list for PBXNativeTarget "ViperSampleProject" */ = {
			isa = XCConfigurationList;
			buildConfigurations = (
				56E54D311E0C179700E39B9F /* Debug */,
				56E54D321E0C179700E39B9F /* Release */,
			);
			defaultConfigurationIsVisible = 0;
		};
/* End XCConfigurationList section */
	};
	rootObject = 56E54D111E0C179700E39B9F /* Project object */;
}
